
Microsoft Visual Studio Solution File, Format Version 12.00
# Visual Studio Version 16
VisualStudioVersion = 16.0.30611.23
MinimumVisualStudioVersion = 10.0.40219.1
Project("{FAE04EC0-301F-11D3-BF4B-00C04F79EFBC}") = "BankAccount1", "BankAccount1\BankAccount1.csproj", "{D7F006DA-8596-4751-BB4A-0991E9587667}"
EndProject
Global
	GlobalSection(SolutionConfigurationPlatforms) = preSolution
		Debug|Any CPU = Debug|Any CPU
		Release|Any CPU = Release|Any CPU
	EndGlobalSection
	GlobalSection(ProjectConfigurationPlatforms) = postSolution
		{D7F006DA-8596-4751-BB4A-0991E9587667}.Debug|Any CPU.ActiveCfg = Debug|Any CPU
		{D7F006DA-8596-4751-BB4A-0991E9587667}.Debug|Any CPU.Build.0 = Debug|Any CPU
		{D7F006DA-8596-4751-BB4A-0991E9587667}.Release|Any CPU.ActiveCfg = Release|Any CPU
		{D7F006DA-8596-4751-BB4A-0991E9587667}.Release|Any CPU.Build.0 = Release|Any CPU
	EndGlobalSection
	GlobalSection(SolutionProperties) = preSolution
		HideSolutionNode = FALSE
	EndGlobalSection
	GlobalSection(ExtensibilityGlobals) = postSolution
		SolutionGuid = {2FBF2330-D3B9-4F2A-B06F-80D991A990CE}
	EndGlobalSection
EndGlobal
